<Solution>
  <Folder Name="/docker/" />
  <Folder Name="/docs/" />
  <Folder Name="/src/">
    <Project Path="src/DeviceHub.Simulator/DeviceHub.Simulator.csproj" />
  </Folder>
  <Folder Name="/解决方案项/">
    <File Path="Directory.Build.props" />
    <File Path="gitignore" />
    <File Path="README.md" />
  </Folder>
  <Project Path="src/DeviceHub.Api/DeviceHub.Api.csproj" />
  <Project Path="src/DeviceHub.Client/DeviceHub.Client.csproj" />
  <Project Path="src/DeviceHub.Controls/DeviceHub.Controls.csproj" />
  <Project Path="src/DeviceHub.Core/DeviceHub.Core.csproj" />
  <Project Path="src/DeviceHub.Infrastructure/DeviceHub.Infrastructure.csproj" />
  <Project Path="src/DeviceHub.Tests/DeviceHub.Tests.csproj" />
</Solution>
